{
  "lockfileVersion": 1,
  "workspaces": {
    "": {
      "name": "project-minerva",
      "devDependencies": {
        "@biomejs/biome": "^2.0.0-beta.1",
        "@cloudflare/vite-plugin": "^1.0.6",
        "@cloudflare/workers-types": "^4.20250415.0",
        "typescript": "^5.8.3",
        "vite": "^6.2.6",
        "wrangler": "^4.12.0",
      },
    },
    "gateway": {
      "name": "@minerva/gateway",
      "version": "0.0.0",
      "devDependencies": {
        "hono": "^4.7.6",
      },
    },
    "services/auth": {
      "name": "@minerva/auth",
      "version": "0.0.0",
    },
  },
  "packages": {
    "@biomejs/biome": ["@biomejs/biome@2.0.0-beta.1", "", { "optionalDependencies": { "@biomejs/cli-darwin-arm64": "2.0.0-beta.1", "@biomejs/cli-darwin-x64": "2.0.0-beta.1", "@biomejs/cli-linux-arm64": "2.0.0-beta.1", "@biomejs/cli-linux-arm64-musl": "2.0.0-beta.1", "@biomejs/cli-linux-x64": "2.0.0-beta.1", "@biomejs/cli-linux-x64-musl": "2.0.0-beta.1", "@biomejs/cli-win32-arm64": "2.0.0-beta.1", "@biomejs/cli-win32-x64": "2.0.0-beta.1" }, "bin": { "biome": "bin/biome" } }, "sha512-MqRoy9CbTkrS45zW+S4u8p4kQUIFx0mGUWi789W1R3b1kXYIudEqsTKgXKtTGsI0kWOlvnjuKqwTrabjaGchhQ=="],

    "@biomejs/cli-darwin-arm64": ["@biomejs/cli-darwin-arm64@2.0.0-beta.1", "", { "os": "darwin", "cpu": "arm64" }, "sha512-RaGmpNLl5NFooXaoCwvgvcuU6Am/rMZ3R48pQeCVxjrCcz1BIlKLTai5UosiedazW7JbXAvgXdSNizYG7ITlAQ=="],

    "@biomejs/cli-darwin-x64": ["@biomejs/cli-darwin-x64@2.0.0-beta.1", "", { "os": "darwin", "cpu": "x64" }, "sha512-sTzSshkne7HKZFNfiIhmAji7gjtCBXvkTujZELCZWIZC7oj1Tjw/gvAzbdFj2UyHd5/i90pND4ybFOLQZm9gpg=="],

    "@biomejs/cli-linux-arm64": ["@biomejs/cli-linux-arm64@2.0.0-beta.1", "", { "os": "linux", "cpu": "arm64" }, "sha512-bxce2O4nooBmp20Ey0+IFIZyy/b0RVnciIQk9euCfAi9evq7SvFtMBYo3YUZej0KIvrau5H7tJk5OqmRJk2l+g=="],

    "@biomejs/cli-linux-arm64-musl": ["@biomejs/cli-linux-arm64-musl@2.0.0-beta.1", "", { "os": "linux", "cpu": "arm64" }, "sha512-0MPUKzz9uBBxAYSJ+OlFi4+yGwiRcZeFqq39H0MxXCQ9MMpKJFH2Ek72fw8sXwG7Prn7EsW/3u1b7najyn1XGQ=="],

    "@biomejs/cli-linux-x64": ["@biomejs/cli-linux-x64@2.0.0-beta.1", "", { "os": "linux", "cpu": "x64" }, "sha512-6P/AtJv4hOH8mu8ez0c4UInUpiet9NEoF25+O7OPyb4w6ZHJMp2qzvayJS7TKrTQzE5KUvSiNsACGRz34DzUkg=="],

    "@biomejs/cli-linux-x64-musl": ["@biomejs/cli-linux-x64-musl@2.0.0-beta.1", "", { "os": "linux", "cpu": "x64" }, "sha512-dFvisnP1hFpVILNw0PZfs8piBwe8+aykO04Tb/4AJDVVzKkGgJfwSefwo4jqzO/Wk/Zruvhcp1nKbjgRXM+vDg=="],

    "@biomejs/cli-win32-arm64": ["@biomejs/cli-win32-arm64@2.0.0-beta.1", "", { "os": "win32", "cpu": "arm64" }, "sha512-0C9YSqWHf2cJGnjKDbLi49xv6H9IfqbDsFav7X557PqwY64O6IKWqcmZzi/PkDFHjQM9opU6uhKapeGKGDxziQ=="],

    "@biomejs/cli-win32-x64": ["@biomejs/cli-win32-x64@2.0.0-beta.1", "", { "os": "win32", "cpu": "x64" }, "sha512-o8W6+DX0YRjt1kS8Y3ismq6EkjwiVDv7X0TEpfnFywoVG8HoJ7G7/m9r8LM1yE46WI3maPH2A0MoVpQ1ZNG++A=="],

    "@cloudflare/kv-asset-handler": ["@cloudflare/kv-asset-handler@0.4.0", "", { "dependencies": { "mime": "^3.0.0" } }, "sha512-+tv3z+SPp+gqTIcImN9o0hqE9xyfQjI1XD9pL6NuKjua9B1y7mNYv0S9cP+QEbA4ppVgGZEmKOvHX5G5Ei1CVA=="],

    "@cloudflare/unenv-preset": ["@cloudflare/unenv-preset@2.3.1", "", { "peerDependencies": { "unenv": "2.0.0-rc.15", "workerd": "^1.20250320.0" }, "optionalPeers": ["workerd"] }, "sha512-Xq57Qd+ADpt6hibcVBO0uLG9zzRgyRhfCUgBT9s+g3+3Ivg5zDyVgLFy40ES1VdNcu8rPNSivm9A+kGP5IVaPg=="],

    "@cloudflare/vite-plugin": ["@cloudflare/vite-plugin@1.0.6", "", { "dependencies": { "@cloudflare/unenv-preset": "2.3.1", "@hattip/adapter-node": "^0.0.49", "@rollup/plugin-replace": "^6.0.1", "get-port": "^7.1.0", "miniflare": "4.20250410.0", "picocolors": "^1.1.1", "tinyglobby": "^0.2.12", "unenv": "2.0.0-rc.15", "wrangler": "4.11.0", "ws": "8.18.0" }, "peerDependencies": { "vite": "^6.1.0" } }, "sha512-ZxrZgjA+3NroWUahA/6eZiSGYD0CDO+b224TlU9Ux6cLX3vgtZVK4EMvpKGUcmTEYyKuop9sCq/soPWnKpHVSw=="],

    "@cloudflare/workerd-darwin-64": ["@cloudflare/workerd-darwin-64@1.20250416.0", "", { "os": "darwin", "cpu": "x64" }, "sha512-aZgF8Swp9eVYxJPWOoZbAgAaYjWuYqGmEA+QJ2ecRGDBqm87rT4GEw7/mmLpxrpllny3VfEEhkk9iYCGv8nlFw=="],

    "@cloudflare/workerd-darwin-arm64": ["@cloudflare/workerd-darwin-arm64@1.20250416.0", "", { "os": "darwin", "cpu": "arm64" }, "sha512-FhswG1QYRfaTZ4FAlUkfVWaoM2lrlqumiBTrhbo9czMJdGR/oBXS4SGynuI6zyhApHeBf3/fZpA/SBAe4cXdgg=="],

    "@cloudflare/workerd-linux-64": ["@cloudflare/workerd-linux-64@1.20250416.0", "", { "os": "linux", "cpu": "x64" }, "sha512-G+nXEAJ/9y+A857XShwxKeRdfxok6UcjiQe6G+wQeCn/Ofkp/EWydacKdyeVU6QIm1oHS78DwJ7AzbCYywf9aw=="],

    "@cloudflare/workerd-linux-arm64": ["@cloudflare/workerd-linux-arm64@1.20250416.0", "", { "os": "linux", "cpu": "arm64" }, "sha512-U6oVW0d9w1fpnDYNrjPJ9SFkDlGJWJWbXHlTBObXl6vccP16WewvuxyHkKqyUhUc8hyBaph7sxeKzKmuCFQ4SA=="],

    "@cloudflare/workerd-windows-64": ["@cloudflare/workerd-windows-64@1.20250416.0", "", { "os": "win32", "cpu": "x64" }, "sha512-YAjjTzL1z9YYeN4sqYfj1dtQXd2Bblj+B+hl4Rz2aOhblpZEZAdhapZlOCRvLLkOJshKJUnRD3mDlytAdgwybQ=="],

    "@cloudflare/workers-types": ["@cloudflare/workers-types@4.20250415.0", "", {}, "sha512-6N3N7yZEBVhztPUcloHSMm5+kSY0/e1OtoPjNrI5Jw8dyFTNSf875u0D76YFiYCV8WVwbp3RtdEAb6TWdAwoEw=="],

    "@cspotcode/source-map-support": ["@cspotcode/source-map-support@0.8.1", "", { "dependencies": { "@jridgewell/trace-mapping": "0.3.9" } }, "sha512-IchNf6dN4tHoMFIn/7OE8LWZ19Y6q/67Bmf6vnGREv8RSbBVb9LPJxEcnwrcwX6ixSvaiGoomAUvu4YSxXrVgw=="],

    "@emnapi/runtime": ["@emnapi/runtime@1.4.3", "", { "dependencies": { "tslib": "^2.4.0" } }, "sha512-pBPWdu6MLKROBX05wSNKcNb++m5Er+KQ9QkB+WVM+pW2Kx9hoSrVTnu3BdkI5eBLZoKu/J6mW/B6i6bJB2ytXQ=="],

    "@esbuild/aix-ppc64": ["@esbuild/aix-ppc64@0.25.2", "", { "os": "aix", "cpu": "ppc64" }, "sha512-wCIboOL2yXZym2cgm6mlA742s9QeJ8DjGVaL39dLN4rRwrOgOyYSnOaFPhKZGLb2ngj4EyfAFjsNJwPXZvseag=="],

    "@esbuild/android-arm": ["@esbuild/android-arm@0.25.2", "", { "os": "android", "cpu": "arm" }, "sha512-NQhH7jFstVY5x8CKbcfa166GoV0EFkaPkCKBQkdPJFvo5u+nGXLEH/ooniLb3QI8Fk58YAx7nsPLozUWfCBOJA=="],

    "@esbuild/android-arm64": ["@esbuild/android-arm64@0.25.2", "", { "os": "android", "cpu": "arm64" }, "sha512-5ZAX5xOmTligeBaeNEPnPaeEuah53Id2tX4c2CVP3JaROTH+j4fnfHCkr1PjXMd78hMst+TlkfKcW/DlTq0i4w=="],

    "@esbuild/android-x64": ["@esbuild/android-x64@0.25.2", "", { "os": "android", "cpu": "x64" }, "sha512-Ffcx+nnma8Sge4jzddPHCZVRvIfQ0kMsUsCMcJRHkGJ1cDmhe4SsrYIjLUKn1xpHZybmOqCWwB0zQvsjdEHtkg=="],

    "@esbuild/darwin-arm64": ["@esbuild/darwin-arm64@0.25.2", "", { "os": "darwin", "cpu": "arm64" }, "sha512-MpM6LUVTXAzOvN4KbjzU/q5smzryuoNjlriAIx+06RpecwCkL9JpenNzpKd2YMzLJFOdPqBpuub6eVRP5IgiSA=="],

    "@esbuild/darwin-x64": ["@esbuild/darwin-x64@0.25.2", "", { "os": "darwin", "cpu": "x64" }, "sha512-5eRPrTX7wFyuWe8FqEFPG2cU0+butQQVNcT4sVipqjLYQjjh8a8+vUTfgBKM88ObB85ahsnTwF7PSIt6PG+QkA=="],

    "@esbuild/freebsd-arm64": ["@esbuild/freebsd-arm64@0.25.2", "", { "os": "freebsd", "cpu": "arm64" }, "sha512-mLwm4vXKiQ2UTSX4+ImyiPdiHjiZhIaE9QvC7sw0tZ6HoNMjYAqQpGyui5VRIi5sGd+uWq940gdCbY3VLvsO1w=="],

    "@esbuild/freebsd-x64": ["@esbuild/freebsd-x64@0.25.2", "", { "os": "freebsd", "cpu": "x64" }, "sha512-6qyyn6TjayJSwGpm8J9QYYGQcRgc90nmfdUb0O7pp1s4lTY+9D0H9O02v5JqGApUyiHOtkz6+1hZNvNtEhbwRQ=="],

    "@esbuild/linux-arm": ["@esbuild/linux-arm@0.25.2", "", { "os": "linux", "cpu": "arm" }, "sha512-UHBRgJcmjJv5oeQF8EpTRZs/1knq6loLxTsjc3nxO9eXAPDLcWW55flrMVc97qFPbmZP31ta1AZVUKQzKTzb0g=="],

    "@esbuild/linux-arm64": ["@esbuild/linux-arm64@0.25.2", "", { "os": "linux", "cpu": "arm64" }, "sha512-gq/sjLsOyMT19I8obBISvhoYiZIAaGF8JpeXu1u8yPv8BE5HlWYobmlsfijFIZ9hIVGYkbdFhEqC0NvM4kNO0g=="],

    "@esbuild/linux-ia32": ["@esbuild/linux-ia32@0.25.2", "", { "os": "linux", "cpu": "ia32" }, "sha512-bBYCv9obgW2cBP+2ZWfjYTU+f5cxRoGGQ5SeDbYdFCAZpYWrfjjfYwvUpP8MlKbP0nwZ5gyOU/0aUzZ5HWPuvQ=="],

    "@esbuild/linux-loong64": ["@esbuild/linux-loong64@0.25.2", "", { "os": "linux", "cpu": "none" }, "sha512-SHNGiKtvnU2dBlM5D8CXRFdd+6etgZ9dXfaPCeJtz+37PIUlixvlIhI23L5khKXs3DIzAn9V8v+qb1TRKrgT5w=="],

    "@esbuild/linux-mips64el": ["@esbuild/linux-mips64el@0.25.2", "", { "os": "linux", "cpu": "none" }, "sha512-hDDRlzE6rPeoj+5fsADqdUZl1OzqDYow4TB4Y/3PlKBD0ph1e6uPHzIQcv2Z65u2K0kpeByIyAjCmjn1hJgG0Q=="],

    "@esbuild/linux-ppc64": ["@esbuild/linux-ppc64@0.25.2", "", { "os": "linux", "cpu": "ppc64" }, "sha512-tsHu2RRSWzipmUi9UBDEzc0nLc4HtpZEI5Ba+Omms5456x5WaNuiG3u7xh5AO6sipnJ9r4cRWQB2tUjPyIkc6g=="],

    "@esbuild/linux-riscv64": ["@esbuild/linux-riscv64@0.25.2", "", { "os": "linux", "cpu": "none" }, "sha512-k4LtpgV7NJQOml/10uPU0s4SAXGnowi5qBSjaLWMojNCUICNu7TshqHLAEbkBdAszL5TabfvQ48kK84hyFzjnw=="],

    "@esbuild/linux-s390x": ["@esbuild/linux-s390x@0.25.2", "", { "os": "linux", "cpu": "s390x" }, "sha512-GRa4IshOdvKY7M/rDpRR3gkiTNp34M0eLTaC1a08gNrh4u488aPhuZOCpkF6+2wl3zAN7L7XIpOFBhnaE3/Q8Q=="],

    "@esbuild/linux-x64": ["@esbuild/linux-x64@0.25.2", "", { "os": "linux", "cpu": "x64" }, "sha512-QInHERlqpTTZ4FRB0fROQWXcYRD64lAoiegezDunLpalZMjcUcld3YzZmVJ2H/Cp0wJRZ8Xtjtj0cEHhYc/uUg=="],

    "@esbuild/netbsd-arm64": ["@esbuild/netbsd-arm64@0.25.2", "", { "os": "none", "cpu": "arm64" }, "sha512-talAIBoY5M8vHc6EeI2WW9d/CkiO9MQJ0IOWX8hrLhxGbro/vBXJvaQXefW2cP0z0nQVTdQ/eNyGFV1GSKrxfw=="],

    "@esbuild/netbsd-x64": ["@esbuild/netbsd-x64@0.25.2", "", { "os": "none", "cpu": "x64" }, "sha512-voZT9Z+tpOxrvfKFyfDYPc4DO4rk06qamv1a/fkuzHpiVBMOhpjK+vBmWM8J1eiB3OLSMFYNaOaBNLXGChf5tg=="],

    "@esbuild/openbsd-arm64": ["@esbuild/openbsd-arm64@0.25.2", "", { "os": "openbsd", "cpu": "arm64" }, "sha512-dcXYOC6NXOqcykeDlwId9kB6OkPUxOEqU+rkrYVqJbK2hagWOMrsTGsMr8+rW02M+d5Op5NNlgMmjzecaRf7Tg=="],

    "@esbuild/openbsd-x64": ["@esbuild/openbsd-x64@0.25.2", "", { "os": "openbsd", "cpu": "x64" }, "sha512-t/TkWwahkH0Tsgoq1Ju7QfgGhArkGLkF1uYz8nQS/PPFlXbP5YgRpqQR3ARRiC2iXoLTWFxc6DJMSK10dVXluw=="],

    "@esbuild/sunos-x64": ["@esbuild/sunos-x64@0.25.2", "", { "os": "sunos", "cpu": "x64" }, "sha512-cfZH1co2+imVdWCjd+D1gf9NjkchVhhdpgb1q5y6Hcv9TP6Zi9ZG/beI3ig8TvwT9lH9dlxLq5MQBBgwuj4xvA=="],

    "@esbuild/win32-arm64": ["@esbuild/win32-arm64@0.25.2", "", { "os": "win32", "cpu": "arm64" }, "sha512-7Loyjh+D/Nx/sOTzV8vfbB3GJuHdOQyrOryFdZvPHLf42Tk9ivBU5Aedi7iyX+x6rbn2Mh68T4qq1SDqJBQO5Q=="],

    "@esbuild/win32-ia32": ["@esbuild/win32-ia32@0.25.2", "", { "os": "win32", "cpu": "ia32" }, "sha512-WRJgsz9un0nqZJ4MfhabxaD9Ft8KioqU3JMinOTvobbX6MOSUigSBlogP8QB3uxpJDsFS6yN+3FDBdqE5lg9kg=="],

    "@esbuild/win32-x64": ["@esbuild/win32-x64@0.25.2", "", { "os": "win32", "cpu": "x64" }, "sha512-kM3HKb16VIXZyIeVrM1ygYmZBKybX8N4p754bw390wGO3Tf2j4L2/WYL+4suWujpgf6GBYs3jv7TyUivdd05JA=="],

    "@fastify/busboy": ["@fastify/busboy@2.1.1", "", {}, "sha512-vBZP4NlzfOlerQTnba4aqZoMhE/a9HY7HRqoOPaETQcSQuWEIyZMHGfVu6w9wGtGK5fED5qRs2DteVCjOH60sA=="],

    "@hattip/adapter-node": ["@hattip/adapter-node@0.0.49", "", { "dependencies": { "@hattip/core": "0.0.49", "@hattip/polyfills": "0.0.49", "@hattip/walk": "0.0.49" } }, "sha512-BE+Y8Q4U0YcH34FZUYU4DssGKOaZLbNL0zK57Z41UZp0m9kS79ZIolBmjjpPhTVpIlRY3Rs+uhXbVXKk7mUcJA=="],

    "@hattip/core": ["@hattip/core@0.0.49", "", {}, "sha512-3/ZJtC17cv8m6Sph8+nw4exUp9yhEf2Shi7HK6AHSUSBtaaQXZ9rJBVxTfZj3PGNOR/P49UBXOym/52WYKFTJQ=="],

    "@hattip/headers": ["@hattip/headers@0.0.49", "", { "dependencies": { "@hattip/core": "0.0.49" } }, "sha512-rrB2lEhTf0+MNVt5WdW184Ky706F1Ze9Aazn/R8c+/FMUYF9yjem2CgXp49csPt3dALsecrnAUOHFiV0LrrHXA=="],

    "@hattip/polyfills": ["@hattip/polyfills@0.0.49", "", { "dependencies": { "@hattip/core": "0.0.49", "@whatwg-node/fetch": "^0.9.22", "node-fetch-native": "^1.6.4" } }, "sha512-5g7W5s6Gq+HDxwULGFQ861yAnEx3yd9V8GDwS96HBZ1nM1u93vN+KTuwXvNsV7Z3FJmCrD/pgU8WakvchclYuA=="],

    "@hattip/walk": ["@hattip/walk@0.0.49", "", { "dependencies": { "@hattip/headers": "0.0.49", "cac": "^6.7.14", "mime-types": "^2.1.35" }, "bin": { "hattip-walk": "cli.js" } }, "sha512-AgJgKLooZyQnzMfoFg5Mo/aHM+HGBC9ExpXIjNqGimYTRgNbL/K7X5EM1kR2JY90BNKk9lo6Usq1T/nWFdT7TQ=="],

    "@img/sharp-darwin-arm64": ["@img/sharp-darwin-arm64@0.33.5", "", { "optionalDependencies": { "@img/sharp-libvips-darwin-arm64": "1.0.4" }, "os": "darwin", "cpu": "arm64" }, "sha512-UT4p+iz/2H4twwAoLCqfA9UH5pI6DggwKEGuaPy7nCVQ8ZsiY5PIcrRvD1DzuY3qYL07NtIQcWnBSY/heikIFQ=="],

    "@img/sharp-darwin-x64": ["@img/sharp-darwin-x64@0.33.5", "", { "optionalDependencies": { "@img/sharp-libvips-darwin-x64": "1.0.4" }, "os": "darwin", "cpu": "x64" }, "sha512-fyHac4jIc1ANYGRDxtiqelIbdWkIuQaI84Mv45KvGRRxSAa7o7d1ZKAOBaYbnepLC1WqxfpimdeWfvqqSGwR2Q=="],

    "@img/sharp-libvips-darwin-arm64": ["@img/sharp-libvips-darwin-arm64@1.0.4", "", { "os": "darwin", "cpu": "arm64" }, "sha512-XblONe153h0O2zuFfTAbQYAX2JhYmDHeWikp1LM9Hul9gVPjFY427k6dFEcOL72O01QxQsWi761svJ/ev9xEDg=="],

    "@img/sharp-libvips-darwin-x64": ["@img/sharp-libvips-darwin-x64@1.0.4", "", { "os": "darwin", "cpu": "x64" }, "sha512-xnGR8YuZYfJGmWPvmlunFaWJsb9T/AO2ykoP3Fz/0X5XV2aoYBPkX6xqCQvUTKKiLddarLaxpzNe+b1hjeWHAQ=="],

    "@img/sharp-libvips-linux-arm": ["@img/sharp-libvips-linux-arm@1.0.5", "", { "os": "linux", "cpu": "arm" }, "sha512-gvcC4ACAOPRNATg/ov8/MnbxFDJqf/pDePbBnuBDcjsI8PssmjoKMAz4LtLaVi+OnSb5FK/yIOamqDwGmXW32g=="],

    "@img/sharp-libvips-linux-arm64": ["@img/sharp-libvips-linux-arm64@1.0.4", "", { "os": "linux", "cpu": "arm64" }, "sha512-9B+taZ8DlyyqzZQnoeIvDVR/2F4EbMepXMc/NdVbkzsJbzkUjhXv/70GQJ7tdLA4YJgNP25zukcxpX2/SueNrA=="],

    "@img/sharp-libvips-linux-s390x": ["@img/sharp-libvips-linux-s390x@1.0.4", "", { "os": "linux", "cpu": "s390x" }, "sha512-u7Wz6ntiSSgGSGcjZ55im6uvTrOxSIS8/dgoVMoiGE9I6JAfU50yH5BoDlYA1tcuGS7g/QNtetJnxA6QEsCVTA=="],

    "@img/sharp-libvips-linux-x64": ["@img/sharp-libvips-linux-x64@1.0.4", "", { "os": "linux", "cpu": "x64" }, "sha512-MmWmQ3iPFZr0Iev+BAgVMb3ZyC4KeFc3jFxnNbEPas60e1cIfevbtuyf9nDGIzOaW9PdnDciJm+wFFaTlj5xYw=="],

    "@img/sharp-libvips-linuxmusl-arm64": ["@img/sharp-libvips-linuxmusl-arm64@1.0.4", "", { "os": "linux", "cpu": "arm64" }, "sha512-9Ti+BbTYDcsbp4wfYib8Ctm1ilkugkA/uscUn6UXK1ldpC1JjiXbLfFZtRlBhjPZ5o1NCLiDbg8fhUPKStHoTA=="],

    "@img/sharp-libvips-linuxmusl-x64": ["@img/sharp-libvips-linuxmusl-x64@1.0.4", "", { "os": "linux", "cpu": "x64" }, "sha512-viYN1KX9m+/hGkJtvYYp+CCLgnJXwiQB39damAO7WMdKWlIhmYTfHjwSbQeUK/20vY154mwezd9HflVFM1wVSw=="],

    "@img/sharp-linux-arm": ["@img/sharp-linux-arm@0.33.5", "", { "optionalDependencies": { "@img/sharp-libvips-linux-arm": "1.0.5" }, "os": "linux", "cpu": "arm" }, "sha512-JTS1eldqZbJxjvKaAkxhZmBqPRGmxgu+qFKSInv8moZ2AmT5Yib3EQ1c6gp493HvrvV8QgdOXdyaIBrhvFhBMQ=="],

    "@img/sharp-linux-arm64": ["@img/sharp-linux-arm64@0.33.5", "", { "optionalDependencies": { "@img/sharp-libvips-linux-arm64": "1.0.4" }, "os": "linux", "cpu": "arm64" }, "sha512-JMVv+AMRyGOHtO1RFBiJy/MBsgz0x4AWrT6QoEVVTyh1E39TrCUpTRI7mx9VksGX4awWASxqCYLCV4wBZHAYxA=="],

    "@img/sharp-linux-s390x": ["@img/sharp-linux-s390x@0.33.5", "", { "optionalDependencies": { "@img/sharp-libvips-linux-s390x": "1.0.4" }, "os": "linux", "cpu": "s390x" }, "sha512-y/5PCd+mP4CA/sPDKl2961b+C9d+vPAveS33s6Z3zfASk2j5upL6fXVPZi7ztePZ5CuH+1kW8JtvxgbuXHRa4Q=="],

    "@img/sharp-linux-x64": ["@img/sharp-linux-x64@0.33.5", "", { "optionalDependencies": { "@img/sharp-libvips-linux-x64": "1.0.4" }, "os": "linux", "cpu": "x64" }, "sha512-opC+Ok5pRNAzuvq1AG0ar+1owsu842/Ab+4qvU879ippJBHvyY5n2mxF1izXqkPYlGuP/M556uh53jRLJmzTWA=="],

    "@img/sharp-linuxmusl-arm64": ["@img/sharp-linuxmusl-arm64@0.33.5", "", { "optionalDependencies": { "@img/sharp-libvips-linuxmusl-arm64": "1.0.4" }, "os": "linux", "cpu": "arm64" }, "sha512-XrHMZwGQGvJg2V/oRSUfSAfjfPxO+4DkiRh6p2AFjLQztWUuY/o8Mq0eMQVIY7HJ1CDQUJlxGGZRw1a5bqmd1g=="],

    "@img/sharp-linuxmusl-x64": ["@img/sharp-linuxmusl-x64@0.33.5", "", { "optionalDependencies": { "@img/sharp-libvips-linuxmusl-x64": "1.0.4" }, "os": "linux", "cpu": "x64" }, "sha512-WT+d/cgqKkkKySYmqoZ8y3pxx7lx9vVejxW/W4DOFMYVSkErR+w7mf2u8m/y4+xHe7yY9DAXQMWQhpnMuFfScw=="],

    "@img/sharp-wasm32": ["@img/sharp-wasm32@0.33.5", "", { "dependencies": { "@emnapi/runtime": "^1.2.0" }, "cpu": "none" }, "sha512-ykUW4LVGaMcU9lu9thv85CbRMAwfeadCJHRsg2GmeRa/cJxsVY9Rbd57JcMxBkKHag5U/x7TSBpScF4U8ElVzg=="],

    "@img/sharp-win32-ia32": ["@img/sharp-win32-ia32@0.33.5", "", { "os": "win32", "cpu": "ia32" }, "sha512-T36PblLaTwuVJ/zw/LaH0PdZkRz5rd3SmMHX8GSmR7vtNSP5Z6bQkExdSK7xGWyxLw4sUknBuugTelgw2faBbQ=="],

    "@img/sharp-win32-x64": ["@img/sharp-win32-x64@0.33.5", "", { "os": "win32", "cpu": "x64" }, "sha512-MpY/o8/8kj+EcnxwvrP4aTJSWw/aZ7JIGR4aBeZkZw5B7/Jn+tY9/VNwtcoGmdT7GfggGIU4kygOMSbYnOrAbg=="],

    "@jridgewell/resolve-uri": ["@jridgewell/resolve-uri@3.1.2", "", {}, "sha512-bRISgCIjP20/tbWSPWMEi54QVPRZExkuD9lJL+UIxUKtwVJA8wW1Trb1jMs1RFXo1CBTNZ/5hpC9QvmKWdopKw=="],

    "@jridgewell/sourcemap-codec": ["@jridgewell/sourcemap-codec@1.5.0", "", {}, "sha512-gv3ZRaISU3fjPAgNsriBRqGWQL6quFx04YMPW/zD8XMLsU32mhCCbfbO6KZFLjvYpCZ8zyDEgqsgf+PwPaM7GQ=="],

    "@jridgewell/trace-mapping": ["@jridgewell/trace-mapping@0.3.9", "", { "dependencies": { "@jridgewell/resolve-uri": "^3.0.3", "@jridgewell/sourcemap-codec": "^1.4.10" } }, "sha512-3Belt6tdc8bPgAtbcmdtNJlirVoTmEb5e2gC94PnkwEW9jI6CAHUeoG85tjWP5WquqfavoMtMwiG4P926ZKKuQ=="],

    "@kamilkisiela/fast-url-parser": ["@kamilkisiela/fast-url-parser@1.1.4", "", {}, "sha512-gbkePEBupNydxCelHCESvFSFM8XPh1Zs/OAVRW/rKpEqPAl5PbOM90Si8mv9bvnR53uPD2s/FiRxdvSejpRJew=="],

    "@minerva/auth": ["@minerva/auth@workspace:services/auth"],

    "@minerva/gateway": ["@minerva/gateway@workspace:gateway"],

    "@rollup/plugin-replace": ["@rollup/plugin-replace@6.0.2", "", { "dependencies": { "@rollup/pluginutils": "^5.0.1", "magic-string": "^0.30.3" }, "peerDependencies": { "rollup": "^1.20.0||^2.0.0||^3.0.0||^4.0.0" }, "optionalPeers": ["rollup"] }, "sha512-7QaYCf8bqF04dOy7w/eHmJeNExxTYwvKAmlSAH/EaWWUzbT0h5sbF6bktFoX/0F/0qwng5/dWFMyf3gzaM8DsQ=="],

    "@rollup/pluginutils": ["@rollup/pluginutils@5.1.4", "", { "dependencies": { "@types/estree": "^1.0.0", "estree-walker": "^2.0.2", "picomatch": "^4.0.2" }, "peerDependencies": { "rollup": "^1.20.0||^2.0.0||^3.0.0||^4.0.0" }, "optionalPeers": ["rollup"] }, "sha512-USm05zrsFxYLPdWWq+K3STlWiT/3ELn3RcV5hJMghpeAIhxfsUIg6mt12CBJBInWMV4VneoV7SfGv8xIwo2qNQ=="],

    "@rollup/rollup-android-arm-eabi": ["@rollup/rollup-android-arm-eabi@4.40.0", "", { "os": "android", "cpu": "arm" }, "sha512-+Fbls/diZ0RDerhE8kyC6hjADCXA1K4yVNlH0EYfd2XjyH0UGgzaQ8MlT0pCXAThfxv3QUAczHaL+qSv1E4/Cg=="],

    "@rollup/rollup-android-arm64": ["@rollup/rollup-android-arm64@4.40.0", "", { "os": "android", "cpu": "arm64" }, "sha512-PPA6aEEsTPRz+/4xxAmaoWDqh67N7wFbgFUJGMnanCFs0TV99M0M8QhhaSCks+n6EbQoFvLQgYOGXxlMGQe/6w=="],

    "@rollup/rollup-darwin-arm64": ["@rollup/rollup-darwin-arm64@4.40.0", "", { "os": "darwin", "cpu": "arm64" }, "sha512-GwYOcOakYHdfnjjKwqpTGgn5a6cUX7+Ra2HeNj/GdXvO2VJOOXCiYYlRFU4CubFM67EhbmzLOmACKEfvp3J1kQ=="],

    "@rollup/rollup-darwin-x64": ["@rollup/rollup-darwin-x64@4.40.0", "", { "os": "darwin", "cpu": "x64" }, "sha512-CoLEGJ+2eheqD9KBSxmma6ld01czS52Iw0e2qMZNpPDlf7Z9mj8xmMemxEucinev4LgHalDPczMyxzbq+Q+EtA=="],

    "@rollup/rollup-freebsd-arm64": ["@rollup/rollup-freebsd-arm64@4.40.0", "", { "os": "freebsd", "cpu": "arm64" }, "sha512-r7yGiS4HN/kibvESzmrOB/PxKMhPTlz+FcGvoUIKYoTyGd5toHp48g1uZy1o1xQvybwwpqpe010JrcGG2s5nkg=="],

    "@rollup/rollup-freebsd-x64": ["@rollup/rollup-freebsd-x64@4.40.0", "", { "os": "freebsd", "cpu": "x64" }, "sha512-mVDxzlf0oLzV3oZOr0SMJ0lSDd3xC4CmnWJ8Val8isp9jRGl5Dq//LLDSPFrasS7pSm6m5xAcKaw3sHXhBjoRw=="],

    "@rollup/rollup-linux-arm-gnueabihf": ["@rollup/rollup-linux-arm-gnueabihf@4.40.0", "", { "os": "linux", "cpu": "arm" }, "sha512-y/qUMOpJxBMy8xCXD++jeu8t7kzjlOCkoxxajL58G62PJGBZVl/Gwpm7JK9+YvlB701rcQTzjUZ1JgUoPTnoQA=="],

    "@rollup/rollup-linux-arm-musleabihf": ["@rollup/rollup-linux-arm-musleabihf@4.40.0", "", { "os": "linux", "cpu": "arm" }, "sha512-GoCsPibtVdJFPv/BOIvBKO/XmwZLwaNWdyD8TKlXuqp0veo2sHE+A/vpMQ5iSArRUz/uaoj4h5S6Pn0+PdhRjg=="],

    "@rollup/rollup-linux-arm64-gnu": ["@rollup/rollup-linux-arm64-gnu@4.40.0", "", { "os": "linux", "cpu": "arm64" }, "sha512-L5ZLphTjjAD9leJzSLI7rr8fNqJMlGDKlazW2tX4IUF9P7R5TMQPElpH82Q7eNIDQnQlAyiNVfRPfP2vM5Avvg=="],

    "@rollup/rollup-linux-arm64-musl": ["@rollup/rollup-linux-arm64-musl@4.40.0", "", { "os": "linux", "cpu": "arm64" }, "sha512-ATZvCRGCDtv1Y4gpDIXsS+wfFeFuLwVxyUBSLawjgXK2tRE6fnsQEkE4csQQYWlBlsFztRzCnBvWVfcae/1qxQ=="],

    "@rollup/rollup-linux-loongarch64-gnu": ["@rollup/rollup-linux-loongarch64-gnu@4.40.0", "", { "os": "linux", "cpu": "none" }, "sha512-wG9e2XtIhd++QugU5MD9i7OnpaVb08ji3P1y/hNbxrQ3sYEelKJOq1UJ5dXczeo6Hj2rfDEL5GdtkMSVLa/AOg=="],

    "@rollup/rollup-linux-powerpc64le-gnu": ["@rollup/rollup-linux-powerpc64le-gnu@4.40.0", "", { "os": "linux", "cpu": "ppc64" }, "sha512-vgXfWmj0f3jAUvC7TZSU/m/cOE558ILWDzS7jBhiCAFpY2WEBn5jqgbqvmzlMjtp8KlLcBlXVD2mkTSEQE6Ixw=="],

    "@rollup/rollup-linux-riscv64-gnu": ["@rollup/rollup-linux-riscv64-gnu@4.40.0", "", { "os": "linux", "cpu": "none" }, "sha512-uJkYTugqtPZBS3Z136arevt/FsKTF/J9dEMTX/cwR7lsAW4bShzI2R0pJVw+hcBTWF4dxVckYh72Hk3/hWNKvA=="],

    "@rollup/rollup-linux-riscv64-musl": ["@rollup/rollup-linux-riscv64-musl@4.40.0", "", { "os": "linux", "cpu": "none" }, "sha512-rKmSj6EXQRnhSkE22+WvrqOqRtk733x3p5sWpZilhmjnkHkpeCgWsFFo0dGnUGeA+OZjRl3+VYq+HyCOEuwcxQ=="],

    "@rollup/rollup-linux-s390x-gnu": ["@rollup/rollup-linux-s390x-gnu@4.40.0", "", { "os": "linux", "cpu": "s390x" }, "sha512-SpnYlAfKPOoVsQqmTFJ0usx0z84bzGOS9anAC0AZ3rdSo3snecihbhFTlJZ8XMwzqAcodjFU4+/SM311dqE5Sw=="],

    "@rollup/rollup-linux-x64-gnu": ["@rollup/rollup-linux-x64-gnu@4.40.0", "", { "os": "linux", "cpu": "x64" }, "sha512-RcDGMtqF9EFN8i2RYN2W+64CdHruJ5rPqrlYw+cgM3uOVPSsnAQps7cpjXe9be/yDp8UC7VLoCoKC8J3Kn2FkQ=="],

    "@rollup/rollup-linux-x64-musl": ["@rollup/rollup-linux-x64-musl@4.40.0", "", { "os": "linux", "cpu": "x64" }, "sha512-HZvjpiUmSNx5zFgwtQAV1GaGazT2RWvqeDi0hV+AtC8unqqDSsaFjPxfsO6qPtKRRg25SisACWnJ37Yio8ttaw=="],

    "@rollup/rollup-win32-arm64-msvc": ["@rollup/rollup-win32-arm64-msvc@4.40.0", "", { "os": "win32", "cpu": "arm64" }, "sha512-UtZQQI5k/b8d7d3i9AZmA/t+Q4tk3hOC0tMOMSq2GlMYOfxbesxG4mJSeDp0EHs30N9bsfwUvs3zF4v/RzOeTQ=="],

    "@rollup/rollup-win32-ia32-msvc": ["@rollup/rollup-win32-ia32-msvc@4.40.0", "", { "os": "win32", "cpu": "ia32" }, "sha512-+m03kvI2f5syIqHXCZLPVYplP8pQch9JHyXKZ3AGMKlg8dCyr2PKHjwRLiW53LTrN/Nc3EqHOKxUxzoSPdKddA=="],

    "@rollup/rollup-win32-x64-msvc": ["@rollup/rollup-win32-x64-msvc@4.40.0", "", { "os": "win32", "cpu": "x64" }, "sha512-lpPE1cLfP5oPzVjKMx10pgBmKELQnFJXHgvtHCtuJWOv8MxqdEIMNtgHgBFf7Ea2/7EuVwa9fodWUfXAlXZLZQ=="],

    "@types/estree": ["@types/estree@1.0.7", "", {}, "sha512-w28IoSUCJpidD/TGviZwwMJckNESJZXFu7NBZ5YJ4mEUnNraUn9Pm8HSZm/jDF1pDWYKspWE7oVphigUPRakIQ=="],

    "@whatwg-node/fetch": ["@whatwg-node/fetch@0.9.23", "", { "dependencies": { "@whatwg-node/node-fetch": "^0.6.0", "urlpattern-polyfill": "^10.0.0" } }, "sha512-7xlqWel9JsmxahJnYVUj/LLxWcnA93DR4c9xlw3U814jWTiYalryiH1qToik1hOxweKKRLi4haXHM5ycRksPBA=="],

    "@whatwg-node/node-fetch": ["@whatwg-node/node-fetch@0.6.0", "", { "dependencies": { "@kamilkisiela/fast-url-parser": "^1.1.4", "busboy": "^1.6.0", "fast-querystring": "^1.1.1", "tslib": "^2.6.3" } }, "sha512-tcZAhrpx6oVlkEsRngeTEEE7I5/QdLjeEz4IlekabGaESP7+Dkm/6a9KcF1KdCBB7mO9PXtBkwCuTCt8+UPg8Q=="],

    "acorn": ["acorn@8.14.0", "", { "bin": { "acorn": "bin/acorn" } }, "sha512-cl669nCJTZBsL97OF4kUQm5g5hC2uihk0NxY3WENAC0TYdILVkAyHymAntgxGkl7K+t0cXIrH5siy5S4XkFycA=="],

    "acorn-walk": ["acorn-walk@8.3.2", "", {}, "sha512-cjkyv4OtNCIeqhHrfS81QWXoCBPExR/J62oyEqepVw8WaQeSqpW2uhuLPh1m9eWhDuOo/jUXVTlifvesOWp/4A=="],

    "as-table": ["as-table@1.0.55", "", { "dependencies": { "printable-characters": "^1.0.42" } }, "sha512-xvsWESUJn0JN421Xb9MQw6AsMHRCUknCe0Wjlxvjud80mU4E6hQf1A6NzQKcYNmYw62MfzEtXc+badstZP3JpQ=="],

    "blake3-wasm": ["blake3-wasm@2.1.5", "", {}, "sha512-F1+K8EbfOZE49dtoPtmxUQrpXaBIl3ICvasLh+nJta0xkz+9kF/7uet9fLnwKqhDrmj6g+6K3Tw9yQPUg2ka5g=="],

    "busboy": ["busboy@1.6.0", "", { "dependencies": { "streamsearch": "^1.1.0" } }, "sha512-8SFQbg/0hQ9xy3UNTB0YEnsNBbWfhf7RtnzpL7TkBiTBRfrQ9Fxcnz7VJsleJpyp6rVLvXiuORqjlHi5q+PYuA=="],

    "cac": ["cac@6.7.14", "", {}, "sha512-b6Ilus+c3RrdDk+JhLKUAQfzzgLEPy6wcXqS7f/xe1EETvsDP6GORG7SFuOs6cID5YkqchW/LXZbX5bc8j7ZcQ=="],

    "color": ["color@4.2.3", "", { "dependencies": { "color-convert": "^2.0.1", "color-string": "^1.9.0" } }, "sha512-1rXeuUUiGGrykh+CeBdu5Ie7OJwinCgQY0bc7GCRxy5xVHy+moaqkpL/jqQq0MtQOeYcrqEz4abc5f0KtU7W4A=="],

    "color-convert": ["color-convert@2.0.1", "", { "dependencies": { "color-name": "~1.1.4" } }, "sha512-RRECPsj7iu/xb5oKYcsFHSppFNnsj/52OVTRKb4zP5onXwVF3zVmmToNcOfGC+CRDpfK/U584fMg38ZHCaElKQ=="],

    "color-name": ["color-name@1.1.4", "", {}, "sha512-dOy+3AuW3a2wNbZHIuMZpTcgjGuLU/uBL/ubcZF9OXbDo8ff4O8yVp5Bf0efS8uEoYo5q4Fx7dY9OgQGXgAsQA=="],

    "color-string": ["color-string@1.9.1", "", { "dependencies": { "color-name": "^1.0.0", "simple-swizzle": "^0.2.2" } }, "sha512-shrVawQFojnZv6xM40anx4CkoDP+fZsw/ZerEMsW/pyzsRbElpsL/DBVW7q3ExxwusdNXI3lXpuhEZkzs8p5Eg=="],

    "cookie": ["cookie@0.7.2", "", {}, "sha512-yki5XnKuf750l50uGTllt6kKILY4nQ1eNIQatoXEByZ5dWgnKqbnqmTrBE5B4N7lrMJKQ2ytWMiTO2o0v6Ew/w=="],

    "data-uri-to-buffer": ["data-uri-to-buffer@2.0.2", "", {}, "sha512-ND9qDTLc6diwj+Xe5cdAgVTbLVdXbtxTJRXRhli8Mowuaan+0EJOtdqJ0QCHNSSPyoXGx9HX2/VMnKeC34AChA=="],

    "defu": ["defu@6.1.4", "", {}, "sha512-mEQCMmwJu317oSz8CwdIOdwf3xMif1ttiM8LTufzc3g6kR+9Pe236twL8j3IYT1F7GfRgGcW6MWxzZjLIkuHIg=="],

    "detect-libc": ["detect-libc@2.0.3", "", {}, "sha512-bwy0MGW55bG41VqxxypOsdSdGqLwXPI/focwgTYCFMbdUiBAxLg9CFzG08sz2aqzknwiX7Hkl0bQENjg8iLByw=="],

    "esbuild": ["esbuild@0.25.2", "", { "optionalDependencies": { "@esbuild/aix-ppc64": "0.25.2", "@esbuild/android-arm": "0.25.2", "@esbuild/android-arm64": "0.25.2", "@esbuild/android-x64": "0.25.2", "@esbuild/darwin-arm64": "0.25.2", "@esbuild/darwin-x64": "0.25.2", "@esbuild/freebsd-arm64": "0.25.2", "@esbuild/freebsd-x64": "0.25.2", "@esbuild/linux-arm": "0.25.2", "@esbuild/linux-arm64": "0.25.2", "@esbuild/linux-ia32": "0.25.2", "@esbuild/linux-loong64": "0.25.2", "@esbuild/linux-mips64el": "0.25.2", "@esbuild/linux-ppc64": "0.25.2", "@esbuild/linux-riscv64": "0.25.2", "@esbuild/linux-s390x": "0.25.2", "@esbuild/linux-x64": "0.25.2", "@esbuild/netbsd-arm64": "0.25.2", "@esbuild/netbsd-x64": "0.25.2", "@esbuild/openbsd-arm64": "0.25.2", "@esbuild/openbsd-x64": "0.25.2", "@esbuild/sunos-x64": "0.25.2", "@esbuild/win32-arm64": "0.25.2", "@esbuild/win32-ia32": "0.25.2", "@esbuild/win32-x64": "0.25.2" }, "bin": { "esbuild": "bin/esbuild" } }, "sha512-16854zccKPnC+toMywC+uKNeYSv+/eXkevRAfwRD/G9Cleq66m8XFIrigkbvauLLlCfDL45Q2cWegSg53gGBnQ=="],

    "estree-walker": ["estree-walker@2.0.2", "", {}, "sha512-Rfkk/Mp/DL7JVje3u18FxFujQlTNR2q6QfMSMB7AvCBx91NGj/ba3kCfza0f6dVDbw7YlRf/nDrn7pQrCCyQ/w=="],

    "exit-hook": ["exit-hook@2.2.1", "", {}, "sha512-eNTPlAD67BmP31LDINZ3U7HSF8l57TxOY2PmBJ1shpCvpnxBF93mWCE8YHBnXs8qiUZJc9WDcWIeC3a2HIAMfw=="],

    "exsolve": ["exsolve@1.0.4", "", {}, "sha512-xsZH6PXaER4XoV+NiT7JHp1bJodJVT+cxeSH1G0f0tlT0lJqYuHUP3bUx2HtfTDvOagMINYp8rsqusxud3RXhw=="],

    "fast-decode-uri-component": ["fast-decode-uri-component@1.0.1", "", {}, "sha512-WKgKWg5eUxvRZGwW8FvfbaH7AXSh2cL+3j5fMGzUMCxWBJ3dV3a7Wz8y2f/uQ0e3B6WmodD3oS54jTQ9HVTIIg=="],

    "fast-querystring": ["fast-querystring@1.1.2", "", { "dependencies": { "fast-decode-uri-component": "^1.0.1" } }, "sha512-g6KuKWmFXc0fID8WWH0jit4g0AGBoJhCkJMb1RmbsSEUNvQ+ZC8D6CUZ+GtF8nMzSPXnhiePyyqqipzNNEnHjg=="],

    "fdir": ["fdir@6.4.3", "", { "peerDependencies": { "picomatch": "^3 || ^4" }, "optionalPeers": ["picomatch"] }, "sha512-PMXmW2y1hDDfTSRc9gaXIuCCRpuoz3Kaz8cUelp3smouvfT632ozg2vrT6lJsHKKOF59YLbOGfAWGUcKEfRMQw=="],

    "fsevents": ["fsevents@2.3.3", "", { "os": "darwin" }, "sha512-5xoDfX+fL7faATnagmWPpbFtwh/R77WmMMqqHGS65C3vvB0YHrgF+B1YmZ3441tMj5n63k0212XNoJwzlhffQw=="],

    "get-port": ["get-port@7.1.0", "", {}, "sha512-QB9NKEeDg3xxVwCCwJQ9+xycaz6pBB6iQ76wiWMl1927n0Kir6alPiP+yuiICLLU4jpMe08dXfpebuQppFA2zw=="],

    "get-source": ["get-source@2.0.12", "", { "dependencies": { "data-uri-to-buffer": "^2.0.0", "source-map": "^0.6.1" } }, "sha512-X5+4+iD+HoSeEED+uwrQ07BOQr0kEDFMVqqpBuI+RaZBpBpHCuXxo70bjar6f0b0u/DQJsJ7ssurpP0V60Az+w=="],

    "glob-to-regexp": ["glob-to-regexp@0.4.1", "", {}, "sha512-lkX1HJXwyMcprw/5YUZc2s7DrpAiHB21/V+E1rHUrVNokkvB6bqMzT0VfV6/86ZNabt1k14YOIaT7nDvOX3Iiw=="],

    "hono": ["hono@4.7.6", "", {}, "sha512-564rVzELU+9BRqqx5k8sT2NFwGD3I3Vifdb6P7CmM6FiarOSY+fDC+6B+k9wcCb86ReoayteZP2ki0cRLN1jbw=="],

    "is-arrayish": ["is-arrayish@0.3.2", "", {}, "sha512-eVRqCvVlZbuw3GrM63ovNSNAeA1K16kaR/LRY/92w0zxQ5/1YzwblUX652i4Xs9RwAGjW9d9y6X88t8OaAJfWQ=="],

    "magic-string": ["magic-string@0.30.17", "", { "dependencies": { "@jridgewell/sourcemap-codec": "^1.5.0" } }, "sha512-sNPKHvyjVf7gyjwS4xGTaW/mCnF8wnjtifKBEhxfZ7E/S8tQ0rssrwGNn6q8JH/ohItJfSQp9mBtQYuTlH5QnA=="],

    "mime": ["mime@3.0.0", "", { "bin": { "mime": "cli.js" } }, "sha512-jSCU7/VB1loIWBZe14aEYHU/+1UMEHoaO7qxCOVJOw9GgH72VAWppxNcjU+x9a2k3GSIBXNKxXQFqRvvZ7vr3A=="],

    "mime-db": ["mime-db@1.52.0", "", {}, "sha512-sPU4uV7dYlvtWJxwwxHD0PuihVNiE7TyAbQ5SWxDCB9mUYvOgroQOwYQQOKPJ8CIbE+1ETVlOoK1UC2nU3gYvg=="],

    "mime-types": ["mime-types@2.1.35", "", { "dependencies": { "mime-db": "1.52.0" } }, "sha512-ZDY+bPm5zTTF+YpCrAU9nK0UgICYPT0QtT1NZWFv4s++TNkcgVaT0g6+4R2uI4MjQjzysHB1zxuWL50hzaeXiw=="],

    "miniflare": ["miniflare@4.20250410.0", "", { "dependencies": { "@cspotcode/source-map-support": "0.8.1", "acorn": "8.14.0", "acorn-walk": "8.3.2", "exit-hook": "2.2.1", "glob-to-regexp": "0.4.1", "stoppable": "1.1.0", "undici": "^5.28.5", "workerd": "1.20250410.0", "ws": "8.18.0", "youch": "3.3.4", "zod": "3.22.3" }, "bin": { "miniflare": "bootstrap.js" } }, "sha512-vvbVssljSZathZ0gYQknXW4g/Oye/jAYlQStnbW+8Sa3BnF0u+vhP3MaCGea/OlC9+FsD/2HUwVnb56Tof9UZA=="],

    "mustache": ["mustache@4.2.0", "", { "bin": { "mustache": "bin/mustache" } }, "sha512-71ippSywq5Yb7/tVYyGbkBggbU8H3u5Rz56fH60jGFgr8uHwxs+aSKeqmluIVzM0m0kB7xQjKS6qPfd0b2ZoqQ=="],

    "nanoid": ["nanoid@3.3.11", "", { "bin": { "nanoid": "bin/nanoid.cjs" } }, "sha512-N8SpfPUnUp1bK+PMYW8qSWdl9U+wwNWI4QKxOYDy9JAro3WMX7p2OeVRF9v+347pnakNevPmiHhNmZ2HbFA76w=="],

    "node-fetch-native": ["node-fetch-native@1.6.6", "", {}, "sha512-8Mc2HhqPdlIfedsuZoc3yioPuzp6b+L5jRCRY1QzuWZh2EGJVQrGppC6V6cF0bLdbW0+O2YpqCA25aF/1lvipQ=="],

    "ohash": ["ohash@2.0.11", "", {}, "sha512-RdR9FQrFwNBNXAr4GixM8YaRZRJ5PUWbKYbE5eOsrwAjJW0q2REGcf79oYPsLyskQCZG1PLN+S/K1V00joZAoQ=="],

    "path-to-regexp": ["path-to-regexp@6.3.0", "", {}, "sha512-Yhpw4T9C6hPpgPeA28us07OJeqZ5EzQTkbfwuhsUg0c237RomFoETJgmp2sa3F/41gfLE6G5cqcYwznmeEeOlQ=="],

    "pathe": ["pathe@2.0.3", "", {}, "sha512-WUjGcAqP1gQacoQe+OBJsFA7Ld4DyXuUIjZ5cc75cLHvJ7dtNsTugphxIADwspS+AraAUePCKrSVtPLFj/F88w=="],

    "picocolors": ["picocolors@1.1.1", "", {}, "sha512-xceH2snhtb5M9liqDsmEw56le376mTZkEX/jEb/RxNFyegNul7eNslCXP9FDj/Lcu0X8KEyMceP2ntpaHrDEVA=="],

    "picomatch": ["picomatch@4.0.2", "", {}, "sha512-M7BAV6Rlcy5u+m6oPhAPFgJTzAioX/6B0DxyvDlo9l8+T3nLKbrczg2WLUyzd45L8RqfUMyGPzekbMvX2Ldkwg=="],

    "postcss": ["postcss@8.5.3", "", { "dependencies": { "nanoid": "^3.3.8", "picocolors": "^1.1.1", "source-map-js": "^1.2.1" } }, "sha512-dle9A3yYxlBSrt8Fu+IpjGT8SY8hN0mlaA6GY8t0P5PjIOZemULz/E2Bnm/2dcUOena75OTNkHI76uZBNUUq3A=="],

    "printable-characters": ["printable-characters@1.0.42", "", {}, "sha512-dKp+C4iXWK4vVYZmYSd0KBH5F/h1HoZRsbJ82AVKRO3PEo8L4lBS/vLwhVtpwwuYcoIsVY+1JYKR268yn480uQ=="],

    "rollup": ["rollup@4.40.0", "", { "dependencies": { "@types/estree": "1.0.7" }, "optionalDependencies": { "@rollup/rollup-android-arm-eabi": "4.40.0", "@rollup/rollup-android-arm64": "4.40.0", "@rollup/rollup-darwin-arm64": "4.40.0", "@rollup/rollup-darwin-x64": "4.40.0", "@rollup/rollup-freebsd-arm64": "4.40.0", "@rollup/rollup-freebsd-x64": "4.40.0", "@rollup/rollup-linux-arm-gnueabihf": "4.40.0", "@rollup/rollup-linux-arm-musleabihf": "4.40.0", "@rollup/rollup-linux-arm64-gnu": "4.40.0", "@rollup/rollup-linux-arm64-musl": "4.40.0", "@rollup/rollup-linux-loongarch64-gnu": "4.40.0", "@rollup/rollup-linux-powerpc64le-gnu": "4.40.0", "@rollup/rollup-linux-riscv64-gnu": "4.40.0", "@rollup/rollup-linux-riscv64-musl": "4.40.0", "@rollup/rollup-linux-s390x-gnu": "4.40.0", "@rollup/rollup-linux-x64-gnu": "4.40.0", "@rollup/rollup-linux-x64-musl": "4.40.0", "@rollup/rollup-win32-arm64-msvc": "4.40.0", "@rollup/rollup-win32-ia32-msvc": "4.40.0", "@rollup/rollup-win32-x64-msvc": "4.40.0", "fsevents": "~2.3.2" }, "bin": { "rollup": "dist/bin/rollup" } }, "sha512-Noe455xmA96nnqH5piFtLobsGbCij7Tu+tb3c1vYjNbTkfzGqXqQXG3wJaYXkRZuQ0vEYN4bhwg7QnIrqB5B+w=="],

    "semver": ["semver@7.7.1", "", { "bin": { "semver": "bin/semver.js" } }, "sha512-hlq8tAfn0m/61p4BVRcPzIGr6LKiMwo4VM6dGi6pt4qcRkmNzTcWq6eCEjEh+qXjkMDvPlOFFSGwQjoEa6gyMA=="],

    "sharp": ["sharp@0.33.5", "", { "dependencies": { "color": "^4.2.3", "detect-libc": "^2.0.3", "semver": "^7.6.3" }, "optionalDependencies": { "@img/sharp-darwin-arm64": "0.33.5", "@img/sharp-darwin-x64": "0.33.5", "@img/sharp-libvips-darwin-arm64": "1.0.4", "@img/sharp-libvips-darwin-x64": "1.0.4", "@img/sharp-libvips-linux-arm": "1.0.5", "@img/sharp-libvips-linux-arm64": "1.0.4", "@img/sharp-libvips-linux-s390x": "1.0.4", "@img/sharp-libvips-linux-x64": "1.0.4", "@img/sharp-libvips-linuxmusl-arm64": "1.0.4", "@img/sharp-libvips-linuxmusl-x64": "1.0.4", "@img/sharp-linux-arm": "0.33.5", "@img/sharp-linux-arm64": "0.33.5", "@img/sharp-linux-s390x": "0.33.5", "@img/sharp-linux-x64": "0.33.5", "@img/sharp-linuxmusl-arm64": "0.33.5", "@img/sharp-linuxmusl-x64": "0.33.5", "@img/sharp-wasm32": "0.33.5", "@img/sharp-win32-ia32": "0.33.5", "@img/sharp-win32-x64": "0.33.5" } }, "sha512-haPVm1EkS9pgvHrQ/F3Xy+hgcuMV0Wm9vfIBSiwZ05k+xgb0PkBQpGsAA/oWdDobNaZTH5ppvHtzCFbnSEwHVw=="],

    "simple-swizzle": ["simple-swizzle@0.2.2", "", { "dependencies": { "is-arrayish": "^0.3.1" } }, "sha512-JA//kQgZtbuY83m+xT+tXJkmJncGMTFT+C+g2h2R9uxkYIrE2yy9sgmcLhCnw57/WSD+Eh3J97FPEDFnbXnDUg=="],

    "source-map": ["source-map@0.6.1", "", {}, "sha512-UjgapumWlbMhkBgzT7Ykc5YXUT46F0iKu8SGXq0bcwP5dz/h0Plj6enJqjz1Zbq2l5WaqYnrVbwWOWMyF3F47g=="],

    "source-map-js": ["source-map-js@1.2.1", "", {}, "sha512-UXWMKhLOwVKb728IUtQPXxfYU+usdybtUrK/8uGE8CQMvrhOpwvzDBwj0QhSL7MQc7vIsISBG8VQ8+IDQxpfQA=="],

    "stacktracey": ["stacktracey@2.1.8", "", { "dependencies": { "as-table": "^1.0.36", "get-source": "^2.0.12" } }, "sha512-Kpij9riA+UNg7TnphqjH7/CzctQ/owJGNbFkfEeve4Z4uxT5+JapVLFXcsurIfN34gnTWZNJ/f7NMG0E8JDzTw=="],

    "stoppable": ["stoppable@1.1.0", "", {}, "sha512-KXDYZ9dszj6bzvnEMRYvxgeTHU74QBFL54XKtP3nyMuJ81CFYtABZ3bAzL2EdFUaEwJOBOgENyFj3R7oTzDyyw=="],

    "streamsearch": ["streamsearch@1.1.0", "", {}, "sha512-Mcc5wHehp9aXz1ax6bZUyY5afg9u2rv5cqQI3mRrYkGC8rW2hM02jWuwjtL++LS5qinSyhj2QfLyNsuc+VsExg=="],

    "tinyglobby": ["tinyglobby@0.2.12", "", { "dependencies": { "fdir": "^6.4.3", "picomatch": "^4.0.2" } }, "sha512-qkf4trmKSIiMTs/E63cxH+ojC2unam7rJ0WrauAzpT3ECNTxGRMlaXxVbfxMUC/w0LaYk6jQ4y/nGR9uBO3tww=="],

    "tslib": ["tslib@2.8.1", "", {}, "sha512-oJFu94HQb+KVduSUQL7wnpmqnfmLsOA/nAh6b6EH0wCEoK0/mPeXU6c3wKDV83MkOuHPRHtSXKKU99IBazS/2w=="],

    "typescript": ["typescript@5.8.3", "", { "bin": { "tsc": "bin/tsc", "tsserver": "bin/tsserver" } }, "sha512-p1diW6TqL9L07nNxvRMM7hMMw4c5XOo/1ibL4aAIGmSAt9slTE1Xgw5KWuof2uTOvCg9BY7ZRi+GaF+7sfgPeQ=="],

    "ufo": ["ufo@1.6.1", "", {}, "sha512-9a4/uxlTWJ4+a5i0ooc1rU7C7YOw3wT+UGqdeNNHWnOF9qcMBgLRS+4IYUqbczewFx4mLEig6gawh7X6mFlEkA=="],

    "undici": ["undici@5.29.0", "", { "dependencies": { "@fastify/busboy": "^2.0.0" } }, "sha512-raqeBD6NQK4SkWhQzeYKd1KmIG6dllBOTt55Rmkt4HtI9mwdWtJljnrXjAFUBLTSN67HWrOIZ3EPF4kjUw80Bg=="],

    "unenv": ["unenv@2.0.0-rc.15", "", { "dependencies": { "defu": "^6.1.4", "exsolve": "^1.0.4", "ohash": "^2.0.11", "pathe": "^2.0.3", "ufo": "^1.5.4" } }, "sha512-J/rEIZU8w6FOfLNz/hNKsnY+fFHWnu9MH4yRbSZF3xbbGHovcetXPs7sD+9p8L6CeNC//I9bhRYAOsBt2u7/OA=="],

    "urlpattern-polyfill": ["urlpattern-polyfill@10.0.0", "", {}, "sha512-H/A06tKD7sS1O1X2SshBVeA5FLycRpjqiBeqGKmBwBDBy28EnRjORxTNe269KSSr5un5qyWi1iL61wLxpd+ZOg=="],

    "vite": ["vite@6.2.6", "", { "dependencies": { "esbuild": "^0.25.0", "postcss": "^8.5.3", "rollup": "^4.30.1" }, "optionalDependencies": { "fsevents": "~2.3.3" }, "peerDependencies": { "@types/node": "^18.0.0 || ^20.0.0 || >=22.0.0", "jiti": ">=1.21.0", "less": "*", "lightningcss": "^1.21.0", "sass": "*", "sass-embedded": "*", "stylus": "*", "sugarss": "*", "terser": "^5.16.0", "tsx": "^4.8.1", "yaml": "^2.4.2" }, "optionalPeers": ["@types/node", "jiti", "less", "lightningcss", "sass", "sass-embedded", "stylus", "sugarss", "terser", "tsx", "yaml"], "bin": { "vite": "bin/vite.js" } }, "sha512-9xpjNl3kR4rVDZgPNdTL0/c6ao4km69a/2ihNQbcANz8RuCOK3hQBmLSJf3bRKVQjVMda+YvizNE8AwvogcPbw=="],

    "workerd": ["workerd@1.20250416.0", "", { "optionalDependencies": { "@cloudflare/workerd-darwin-64": "1.20250416.0", "@cloudflare/workerd-darwin-arm64": "1.20250416.0", "@cloudflare/workerd-linux-64": "1.20250416.0", "@cloudflare/workerd-linux-arm64": "1.20250416.0", "@cloudflare/workerd-windows-64": "1.20250416.0" }, "bin": { "workerd": "bin/workerd" } }, "sha512-Yrx/bZAKbmSvomdTAzzIpOHwpYhs0ldr2wqed22UEhQ0mIplAHY4xmY+SjAJhP/TydZrciOVzBxwM1+4T40KNA=="],

    "wrangler": ["wrangler@4.12.0", "", { "dependencies": { "@cloudflare/kv-asset-handler": "0.4.0", "@cloudflare/unenv-preset": "2.3.1", "blake3-wasm": "2.1.5", "esbuild": "0.25.2", "miniflare": "4.20250416.0", "path-to-regexp": "6.3.0", "unenv": "2.0.0-rc.15", "workerd": "1.20250416.0" }, "optionalDependencies": { "fsevents": "~2.3.2", "sharp": "^0.33.5" }, "peerDependencies": { "@cloudflare/workers-types": "^4.20250415.0" }, "optionalPeers": ["@cloudflare/workers-types"], "bin": { "wrangler": "bin/wrangler.js", "wrangler2": "bin/wrangler.js" } }, "sha512-4rfAXOi5KqM3ECvOrZJ97k3zEqxVwtdt4bijd8jcRBZ6iJYvEtjgjVi4TsfkVa/eXGhpfHTUnKu2uk8UHa8M2w=="],

    "ws": ["ws@8.18.0", "", { "peerDependencies": { "bufferutil": "^4.0.1", "utf-8-validate": ">=5.0.2" }, "optionalPeers": ["bufferutil", "utf-8-validate"] }, "sha512-8VbfWfHLbbwu3+N6OKsOMpBdT4kXPDDB9cJk2bJ6mh9ucxdlnNvH1e+roYkKmN9Nxw2yjz7VzeO9oOz2zJ04Pw=="],

    "youch": ["youch@3.3.4", "", { "dependencies": { "cookie": "^0.7.1", "mustache": "^4.2.0", "stacktracey": "^2.1.8" } }, "sha512-UeVBXie8cA35DS6+nBkls68xaBBXCye0CNznrhszZjTbRVnJKQuNsyLKBTTL4ln1o1rh2PKtv35twV7irj5SEg=="],

    "zod": ["zod@3.22.3", "", {}, "sha512-EjIevzuJRiRPbVH4mGc8nApb/lVLKVpmUhAaR5R5doKGfAnGJ6Gr3CViAVjP+4FWSxCsybeWQdcgCtbX+7oZug=="],

    "@cloudflare/vite-plugin/wrangler": ["wrangler@4.11.0", "", { "dependencies": { "@cloudflare/kv-asset-handler": "0.4.0", "@cloudflare/unenv-preset": "2.3.1", "blake3-wasm": "2.1.5", "esbuild": "0.25.2", "miniflare": "4.20250410.0", "path-to-regexp": "6.3.0", "unenv": "2.0.0-rc.15", "workerd": "1.20250410.0" }, "optionalDependencies": { "fsevents": "~2.3.2", "sharp": "^0.33.5" }, "peerDependencies": { "@cloudflare/workers-types": "^4.20250410.0" }, "optionalPeers": ["@cloudflare/workers-types"], "bin": { "wrangler": "bin/wrangler.js", "wrangler2": "bin/wrangler.js" } }, "sha512-P9jyp1wDUmspi9sRMQG16TyeiN8IP7pLkfeknRkqm/3AwkD8L32AvgqDYqk/jZhI+eIGAzue5h1JX6jILX2qBQ=="],

    "miniflare/workerd": ["workerd@1.20250410.0", "", { "optionalDependencies": { "@cloudflare/workerd-darwin-64": "1.20250410.0", "@cloudflare/workerd-darwin-arm64": "1.20250410.0", "@cloudflare/workerd-linux-64": "1.20250410.0", "@cloudflare/workerd-linux-arm64": "1.20250410.0", "@cloudflare/workerd-windows-64": "1.20250410.0" }, "bin": { "workerd": "bin/workerd" } }, "sha512-W7vy1+Z3+jpLr68nmda3VFapn284VwIb22TZlI1LbCvThAiNABIa/t06bTE9mohSjUudFou9rc9de49fUvrUDQ=="],

    "wrangler/miniflare": ["miniflare@4.20250416.0", "", { "dependencies": { "@cspotcode/source-map-support": "0.8.1", "acorn": "8.14.0", "acorn-walk": "8.3.2", "exit-hook": "2.2.1", "glob-to-regexp": "0.4.1", "stoppable": "1.1.0", "undici": "^5.28.5", "workerd": "1.20250416.0", "ws": "8.18.0", "youch": "3.3.4", "zod": "3.22.3" }, "bin": { "miniflare": "bootstrap.js" } }, "sha512-261PhPgD9zs5/BTdbWqwiaXtWxb+Av5zKCwTU+HXrA5E4tf3qnULwh3u6SVUOAEArEroFuKJzawsQ9COtNBurQ=="],

    "@cloudflare/vite-plugin/wrangler/workerd": ["workerd@1.20250410.0", "", { "optionalDependencies": { "@cloudflare/workerd-darwin-64": "1.20250410.0", "@cloudflare/workerd-darwin-arm64": "1.20250410.0", "@cloudflare/workerd-linux-64": "1.20250410.0", "@cloudflare/workerd-linux-arm64": "1.20250410.0", "@cloudflare/workerd-windows-64": "1.20250410.0" }, "bin": { "workerd": "bin/workerd" } }, "sha512-W7vy1+Z3+jpLr68nmda3VFapn284VwIb22TZlI1LbCvThAiNABIa/t06bTE9mohSjUudFou9rc9de49fUvrUDQ=="],

    "miniflare/workerd/@cloudflare/workerd-darwin-64": ["@cloudflare/workerd-darwin-64@1.20250410.0", "", { "os": "darwin", "cpu": "x64" }, "sha512-U3Pb+pr6DYeESXGiDAS/SKTVBoDA/BbFyiTTi4BJSdk2I703vaDJGH4k1jFsOJmb/S+Gy7w5xVJwHgZA7w6Kaw=="],

    "miniflare/workerd/@cloudflare/workerd-darwin-arm64": ["@cloudflare/workerd-darwin-arm64@1.20250410.0", "", { "os": "darwin", "cpu": "arm64" }, "sha512-stvgUOVDXGBdV1HTEdgcQ/d/c9T4Vrmg+8OJK4HXn6uM1spMediyQXed64greG0I5rNJ0pTPq0uZsfCjn9T7cA=="],

    "miniflare/workerd/@cloudflare/workerd-linux-64": ["@cloudflare/workerd-linux-64@1.20250410.0", "", { "os": "linux", "cpu": "x64" }, "sha512-n7BRelPUc7+UNVKlS7z/uhI6xqsoyoZayjrezLcZ54IY4o9XASt4oc4kFDrc5ow9YNW94sq2tBG8z/ZQ9wBjLA=="],

    "miniflare/workerd/@cloudflare/workerd-linux-arm64": ["@cloudflare/workerd-linux-arm64@1.20250410.0", "", { "os": "linux", "cpu": "arm64" }, "sha512-R9zE5LhVQCgIPIB/LWSt+XqFjzkPRfkLk4pqae8OYhMg0Dr3G7xO/xNxIabCVNPHhF7dj2yXfMyLGX603Y8/LQ=="],

    "miniflare/workerd/@cloudflare/workerd-windows-64": ["@cloudflare/workerd-windows-64@1.20250410.0", "", { "os": "win32", "cpu": "x64" }, "sha512-UcoQ2u+TQcKNEQUXBRsoqfXibOCklCilukN5xxz7svuAi1f2P0/lR29iuq6DBEwDu/GqQd6H5WLrczXwfPLZsQ=="],

    "@cloudflare/vite-plugin/wrangler/workerd/@cloudflare/workerd-darwin-64": ["@cloudflare/workerd-darwin-64@1.20250410.0", "", { "os": "darwin", "cpu": "x64" }, "sha512-U3Pb+pr6DYeESXGiDAS/SKTVBoDA/BbFyiTTi4BJSdk2I703vaDJGH4k1jFsOJmb/S+Gy7w5xVJwHgZA7w6Kaw=="],

    "@cloudflare/vite-plugin/wrangler/workerd/@cloudflare/workerd-darwin-arm64": ["@cloudflare/workerd-darwin-arm64@1.20250410.0", "", { "os": "darwin", "cpu": "arm64" }, "sha512-stvgUOVDXGBdV1HTEdgcQ/d/c9T4Vrmg+8OJK4HXn6uM1spMediyQXed64greG0I5rNJ0pTPq0uZsfCjn9T7cA=="],

    "@cloudflare/vite-plugin/wrangler/workerd/@cloudflare/workerd-linux-64": ["@cloudflare/workerd-linux-64@1.20250410.0", "", { "os": "linux", "cpu": "x64" }, "sha512-n7BRelPUc7+UNVKlS7z/uhI6xqsoyoZayjrezLcZ54IY4o9XASt4oc4kFDrc5ow9YNW94sq2tBG8z/ZQ9wBjLA=="],

    "@cloudflare/vite-plugin/wrangler/workerd/@cloudflare/workerd-linux-arm64": ["@cloudflare/workerd-linux-arm64@1.20250410.0", "", { "os": "linux", "cpu": "arm64" }, "sha512-R9zE5LhVQCgIPIB/LWSt+XqFjzkPRfkLk4pqae8OYhMg0Dr3G7xO/xNxIabCVNPHhF7dj2yXfMyLGX603Y8/LQ=="],

    "@cloudflare/vite-plugin/wrangler/workerd/@cloudflare/workerd-windows-64": ["@cloudflare/workerd-windows-64@1.20250410.0", "", { "os": "win32", "cpu": "x64" }, "sha512-UcoQ2u+TQcKNEQUXBRsoqfXibOCklCilukN5xxz7svuAi1f2P0/lR29iuq6DBEwDu/GqQd6H5WLrczXwfPLZsQ=="],
  }
}
